<?xml version="1.0" encoding="UTF-8" standalone="yes" ?>
<CodeBlocks_project_file>
   <FileVersion major="1" minor="6" />
   <Project>
      <Option title="main" />
      <Option makefile_is_custom="1" />
      <Option compiler="gcc" />
      <Option virtualFolders="CMake Files\;" />
      <Build>
      <Target title="all">
         <Option working_dir="/home/loic/dev/glic" />
         <Option type="4" />
         <MakeCommands>
            <Build command="/usr/bin/make -f &quot;/home/loic/dev/glic/Makefile&quot;  VERBOSE=1 all" />
            <CompileFile command="/usr/bin/make -f &quot;/home/loic/dev/glic/Makefile&quot;  VERBOSE=1 &quot;$file&quot;" />
            <Clean command="/usr/bin/make -f &quot;/home/loic/dev/glic/Makefile&quot;  VERBOSE=1 clean" />
            <DistClean command="/usr/bin/make -f &quot;/home/loic/dev/glic/Makefile&quot;  VERBOSE=1 clean" />
         </MakeCommands>
      </Target>
      <Target title="GLIC">
         <Option output="/home/loic/dev/glic/libGLIC.so" prefix_auto="0" extension_auto="0" />
         <Option working_dir="/home/loic/dev/glic" />
         <Option object_output="./" />
         <Option type="3" />
         <Option compiler="gcc" />
         <Compiler>
            <Add directory="/home/loic/dev/glic/include" />
            <Add directory="/home/loic/dev/glic/libmesh" />
            <Add directory="/usr/include" />
            <Add directory="/usr/include/c++/4.8" />
            <Add directory="/usr/include/c++/4.8/backward" />
            <Add directory="/usr/include/x86_64-linux-gnu" />
            <Add directory="/usr/include/x86_64-linux-gnu/c++/4.8" />
            <Add directory="/usr/lib/gcc/x86_64-linux-gnu/4.8/include" />
            <Add directory="/usr/lib/gcc/x86_64-linux-gnu/4.8/include-fixed" />
            <Add directory="/usr/local/include" />
         </Compiler>
         <MakeCommands>
            <Build command="/usr/bin/make -f &quot;/home/loic/dev/glic/Makefile&quot;  VERBOSE=1 GLIC" />
            <CompileFile command="/usr/bin/make -f &quot;/home/loic/dev/glic/Makefile&quot;  VERBOSE=1 &quot;$file&quot;" />
            <Clean command="/usr/bin/make -f &quot;/home/loic/dev/glic/Makefile&quot;  VERBOSE=1 clean" />
            <DistClean command="/usr/bin/make -f &quot;/home/loic/dev/glic/Makefile&quot;  VERBOSE=1 clean" />
         </MakeCommands>
      </Target>
      <Target title="GLIC/fast">
         <Option output="/home/loic/dev/glic/libGLIC.so" prefix_auto="0" extension_auto="0" />
         <Option working_dir="/home/loic/dev/glic" />
         <Option object_output="./" />
         <Option type="3" />
         <Option compiler="gcc" />
         <Compiler>
            <Add directory="/home/loic/dev/glic/include" />
            <Add directory="/home/loic/dev/glic/libmesh" />
            <Add directory="/usr/include" />
            <Add directory="/usr/include/c++/4.8" />
            <Add directory="/usr/include/c++/4.8/backward" />
            <Add directory="/usr/include/x86_64-linux-gnu" />
            <Add directory="/usr/include/x86_64-linux-gnu/c++/4.8" />
            <Add directory="/usr/lib/gcc/x86_64-linux-gnu/4.8/include" />
            <Add directory="/usr/lib/gcc/x86_64-linux-gnu/4.8/include-fixed" />
            <Add directory="/usr/local/include" />
         </Compiler>
         <MakeCommands>
            <Build command="/usr/bin/make -f &quot;/home/loic/dev/glic/Makefile&quot;  VERBOSE=1 GLIC/fast" />
            <CompileFile command="/usr/bin/make -f &quot;/home/loic/dev/glic/Makefile&quot;  VERBOSE=1 &quot;$file&quot;" />
            <Clean command="/usr/bin/make -f &quot;/home/loic/dev/glic/Makefile&quot;  VERBOSE=1 clean" />
            <DistClean command="/usr/bin/make -f &quot;/home/loic/dev/glic/Makefile&quot;  VERBOSE=1 clean" />
         </MakeCommands>
      </Target>
      <Target title="main">
         <Option output="/home/loic/dev/glic/main" prefix_auto="0" extension_auto="0" />
         <Option working_dir="/home/loic/dev/glic" />
         <Option object_output="./" />
         <Option type="1" />
         <Option compiler="gcc" />
         <Compiler>
            <Add directory="/home/loic/dev/glic/include" />
            <Add directory="/home/loic/dev/glic/libmesh" />
            <Add directory="/usr/include" />
            <Add directory="/usr/include/c++/4.8" />
            <Add directory="/usr/include/c++/4.8/backward" />
            <Add directory="/usr/include/x86_64-linux-gnu" />
            <Add directory="/usr/include/x86_64-linux-gnu/c++/4.8" />
            <Add directory="/usr/lib/gcc/x86_64-linux-gnu/4.8/include" />
            <Add directory="/usr/lib/gcc/x86_64-linux-gnu/4.8/include-fixed" />
            <Add directory="/usr/local/include" />
         </Compiler>
         <MakeCommands>
            <Build command="/usr/bin/make -f &quot;/home/loic/dev/glic/Makefile&quot;  VERBOSE=1 main" />
            <CompileFile command="/usr/bin/make -f &quot;/home/loic/dev/glic/Makefile&quot;  VERBOSE=1 &quot;$file&quot;" />
            <Clean command="/usr/bin/make -f &quot;/home/loic/dev/glic/Makefile&quot;  VERBOSE=1 clean" />
            <DistClean command="/usr/bin/make -f &quot;/home/loic/dev/glic/Makefile&quot;  VERBOSE=1 clean" />
         </MakeCommands>
      </Target>
      <Target title="main/fast">
         <Option output="/home/loic/dev/glic/main" prefix_auto="0" extension_auto="0" />
         <Option working_dir="/home/loic/dev/glic" />
         <Option object_output="./" />
         <Option type="1" />
         <Option compiler="gcc" />
         <Compiler>
            <Add directory="/home/loic/dev/glic/include" />
            <Add directory="/home/loic/dev/glic/libmesh" />
            <Add directory="/usr/include" />
            <Add directory="/usr/include/c++/4.8" />
            <Add directory="/usr/include/c++/4.8/backward" />
            <Add directory="/usr/include/x86_64-linux-gnu" />
            <Add directory="/usr/include/x86_64-linux-gnu/c++/4.8" />
            <Add directory="/usr/lib/gcc/x86_64-linux-gnu/4.8/include" />
            <Add directory="/usr/lib/gcc/x86_64-linux-gnu/4.8/include-fixed" />
            <Add directory="/usr/local/include" />
         </Compiler>
         <MakeCommands>
            <Build command="/usr/bin/make -f &quot;/home/loic/dev/glic/Makefile&quot;  VERBOSE=1 main/fast" />
            <CompileFile command="/usr/bin/make -f &quot;/home/loic/dev/glic/Makefile&quot;  VERBOSE=1 &quot;$file&quot;" />
            <Clean command="/usr/bin/make -f &quot;/home/loic/dev/glic/Makefile&quot;  VERBOSE=1 clean" />
            <DistClean command="/usr/bin/make -f &quot;/home/loic/dev/glic/Makefile&quot;  VERBOSE=1 clean" />
         </MakeCommands>
      </Target>
      <Target title="mesh">
         <Option output="/home/loic/dev/glic/libmesh.so" prefix_auto="0" extension_auto="0" />
         <Option working_dir="/home/loic/dev/glic" />
         <Option object_output="./" />
         <Option type="3" />
         <Option compiler="gcc" />
         <Compiler>
            <Add directory="/home/loic/dev/glic/include" />
            <Add directory="/home/loic/dev/glic/libmesh" />
            <Add directory="/usr/include" />
            <Add directory="/usr/include/c++/4.8" />
            <Add directory="/usr/include/c++/4.8/backward" />
            <Add directory="/usr/include/x86_64-linux-gnu" />
            <Add directory="/usr/include/x86_64-linux-gnu/c++/4.8" />
            <Add directory="/usr/lib/gcc/x86_64-linux-gnu/4.8/include" />
            <Add directory="/usr/lib/gcc/x86_64-linux-gnu/4.8/include-fixed" />
            <Add directory="/usr/local/include" />
         </Compiler>
         <MakeCommands>
            <Build command="/usr/bin/make -f &quot;/home/loic/dev/glic/Makefile&quot;  VERBOSE=1 mesh" />
            <CompileFile command="/usr/bin/make -f &quot;/home/loic/dev/glic/Makefile&quot;  VERBOSE=1 &quot;$file&quot;" />
            <Clean command="/usr/bin/make -f &quot;/home/loic/dev/glic/Makefile&quot;  VERBOSE=1 clean" />
            <DistClean command="/usr/bin/make -f &quot;/home/loic/dev/glic/Makefile&quot;  VERBOSE=1 clean" />
         </MakeCommands>
      </Target>
      <Target title="mesh/fast">
         <Option output="/home/loic/dev/glic/libmesh.so" prefix_auto="0" extension_auto="0" />
         <Option working_dir="/home/loic/dev/glic" />
         <Option object_output="./" />
         <Option type="3" />
         <Option compiler="gcc" />
         <Compiler>
            <Add directory="/home/loic/dev/glic/include" />
            <Add directory="/home/loic/dev/glic/libmesh" />
            <Add directory="/usr/include" />
            <Add directory="/usr/include/c++/4.8" />
            <Add directory="/usr/include/c++/4.8/backward" />
            <Add directory="/usr/include/x86_64-linux-gnu" />
            <Add directory="/usr/include/x86_64-linux-gnu/c++/4.8" />
            <Add directory="/usr/lib/gcc/x86_64-linux-gnu/4.8/include" />
            <Add directory="/usr/lib/gcc/x86_64-linux-gnu/4.8/include-fixed" />
            <Add directory="/usr/local/include" />
         </Compiler>
         <MakeCommands>
            <Build command="/usr/bin/make -f &quot;/home/loic/dev/glic/Makefile&quot;  VERBOSE=1 mesh/fast" />
            <CompileFile command="/usr/bin/make -f &quot;/home/loic/dev/glic/Makefile&quot;  VERBOSE=1 &quot;$file&quot;" />
            <Clean command="/usr/bin/make -f &quot;/home/loic/dev/glic/Makefile&quot;  VERBOSE=1 clean" />
            <DistClean command="/usr/bin/make -f &quot;/home/loic/dev/glic/Makefile&quot;  VERBOSE=1 clean" />
         </MakeCommands>
      </Target>
      <Target title="rebuild_cache">
         <Option working_dir="/home/loic/dev/glic" />
         <Option type="4" />
         <MakeCommands>
            <Build command="/usr/bin/make -f &quot;/home/loic/dev/glic/Makefile&quot;  VERBOSE=1 rebuild_cache" />
            <CompileFile command="/usr/bin/make -f &quot;/home/loic/dev/glic/Makefile&quot;  VERBOSE=1 &quot;$file&quot;" />
            <Clean command="/usr/bin/make -f &quot;/home/loic/dev/glic/Makefile&quot;  VERBOSE=1 clean" />
            <DistClean command="/usr/bin/make -f &quot;/home/loic/dev/glic/Makefile&quot;  VERBOSE=1 clean" />
         </MakeCommands>
      </Target>
      </Build>
      <Unit filename="/home/loic/dev/glic/libmesh/libmesh5.c">
      </Unit>
      <Unit filename="/home/loic/dev/glic/main.cpp">
      </Unit>
      <Unit filename="/home/loic/dev/glic/sources/axis.cpp">
      </Unit>
      <Unit filename="/home/loic/dev/glic/sources/canvas.cpp">
      </Unit>
      <Unit filename="/home/loic/dev/glic/sources/cube.cpp">
      </Unit>
      <Unit filename="/home/loic/dev/glic/sources/keyboard.cpp">
      </Unit>
      <Unit filename="/home/loic/dev/glic/sources/light.cpp">
      </Unit>
      <Unit filename="/home/loic/dev/glic/sources/material.cpp">
      </Unit>
      <Unit filename="/home/loic/dev/glic/sources/mesh.cpp">
      </Unit>
      <Unit filename="/home/loic/dev/glic/sources/mouse.cpp">
      </Unit>
      <Unit filename="/home/loic/dev/glic/sources/object.cpp">
      </Unit>
      <Unit filename="/home/loic/dev/glic/sources/scene.cpp">
      </Unit>
      <Unit filename="/home/loic/dev/glic/sources/sphere.cpp">
      </Unit>
      <Unit filename="/home/loic/dev/glic/sources/transform.cpp">
      </Unit>
      <Unit filename="/home/loic/dev/glic/sources/view.cpp">
      </Unit>
      <Unit filename="/home/loic/dev/glic/sources/window.cpp">
      </Unit>
      <Unit filename="/home/loic/dev/glic/include/glic/axis.h">
      </Unit>
      <Unit filename="/home/loic/dev/glic/include/glic/canvas.h">
      </Unit>
      <Unit filename="/home/loic/dev/glic/include/glic/cube.h">
      </Unit>
      <Unit filename="/home/loic/dev/glic/include/glic/defs.h">
      </Unit>
      <Unit filename="/home/loic/dev/glic/include/glic/keyboard.h">
      </Unit>
      <Unit filename="/home/loic/dev/glic/include/glic/light.h">
      </Unit>
      <Unit filename="/home/loic/dev/glic/include/glic/material.h">
      </Unit>
      <Unit filename="/home/loic/dev/glic/include/glic/math1.h">
      </Unit>
      <Unit filename="/home/loic/dev/glic/include/glic/mesh.h">
      </Unit>
      <Unit filename="/home/loic/dev/glic/include/glic/mouse.h">
      </Unit>
      <Unit filename="/home/loic/dev/glic/include/glic/object.h">
      </Unit>
      <Unit filename="/home/loic/dev/glic/include/glic/scene.h">
      </Unit>
      <Unit filename="/home/loic/dev/glic/include/glic/sphere.h">
      </Unit>
      <Unit filename="/home/loic/dev/glic/include/glic/transform.h">
      </Unit>
      <Unit filename="/home/loic/dev/glic/include/glic/view.h">
      </Unit>
      <Unit filename="/home/loic/dev/glic/include/glic/window.h">
      </Unit>
      <Unit filename="/home/loic/dev/glic/libmesh/libmesh5.h">
      </Unit>
      <Unit filename="/home/loic/dev/glic/CMakeLists.txt">
          <Option virtualFolder="CMake Files\" />
      </Unit>
   </Project>
</CodeBlocks_project_file>
